Microsoft Visual Studio Solution File, Format Version 12.00
# Visual Studio 2012
Project("{FAE04EC0-301F-11D3-BF4B-00C04F79EFBC}") = "2dTopdown", "2dTopdown.csproj", "{6A1CB431-5F5F-428D-BC53-14653D2510FC}"
EndProject
Global
	GlobalSection(SolutionConfigurationPlatforms) = preSolution
	Debug|Any CPU = Debug|Any CPU
	ExportDebug|Any CPU = ExportDebug|Any CPU
	ExportRelease|Any CPU = ExportRelease|Any CPU
	EndGlobalSection
	GlobalSection(ProjectConfigurationPlatforms) = postSolution
		{6A1CB431-5F5F-428D-BC53-14653D2510FC}.Debug|Any CPU.ActiveCfg = Debug|Any CPU
		{6A1CB431-5F5F-428D-BC53-14653D2510FC}.Debug|Any CPU.Build.0 = Debug|Any CPU
		{6A1CB431-5F5F-428D-BC53-14653D2510FC}.ExportDebug|Any CPU.ActiveCfg = ExportDebug|Any CPU
		{6A1CB431-5F5F-428D-BC53-14653D2510FC}.ExportDebug|Any CPU.Build.0 = ExportDebug|Any CPU
		{6A1CB431-5F5F-428D-BC53-14653D2510FC}.ExportRelease|Any CPU.ActiveCfg = ExportRelease|Any CPU
		{6A1CB431-5F5F-428D-BC53-14653D2510FC}.ExportRelease|Any CPU.Build.0 = ExportRelease|Any CPU
	EndGlobalSection
EndGlobal
